
Microsoft Visual Studio Solution File, Format Version 12.00
Project("{FAE04EC0-301F-11D3-BF4B-00C04F79EFBC}") = "ArtPlatform.Database", "ArtPlatform.Database\ArtPlatform.Database.csproj", "{9DCB0135-782C-4C88-9E1A-A45E754B750A}"
EndProject
Project("{FAE04EC0-301F-11D3-BF4B-00C04F79EFBC}") = "ArtPlatform.Database.Migrator", "ArtPlatform.Database.Migrator\ArtPlatform.Database.Migrator.csproj", "{FD7E7FCB-2926-4FA6-BF52-84608461786D}"
EndProject
Project("{FAE04EC0-301F-11D3-BF4B-00C04F79EFBC}") = "ArtPlatform.API", "ArtPlatform.API\ArtPlatform.API.csproj", "{83F914D0-0C7A-47F7-A7D7-F9296AD00A97}"
EndProject
Global
	GlobalSection(SolutionConfigurationPlatforms) = preSolution
		Debug|Any CPU = Debug|Any CPU
		Release|Any CPU = Release|Any CPU
	EndGlobalSection
	GlobalSection(ProjectConfigurationPlatforms) = postSolution
		{9DCB0135-782C-4C88-9E1A-A45E754B750A}.Debug|Any CPU.ActiveCfg = Debug|Any CPU
		{9DCB0135-782C-4C88-9E1A-A45E754B750A}.Debug|Any CPU.Build.0 = Debug|Any CPU
		{9DCB0135-782C-4C88-9E1A-A45E754B750A}.Release|Any CPU.ActiveCfg = Release|Any CPU
		{9DCB0135-782C-4C88-9E1A-A45E754B750A}.Release|Any CPU.Build.0 = Release|Any CPU
		{FD7E7FCB-2926-4FA6-BF52-84608461786D}.Debug|Any CPU.ActiveCfg = Debug|Any CPU
		{FD7E7FCB-2926-4FA6-BF52-84608461786D}.Debug|Any CPU.Build.0 = Debug|Any CPU
		{FD7E7FCB-2926-4FA6-BF52-84608461786D}.Release|Any CPU.ActiveCfg = Release|Any CPU
		{FD7E7FCB-2926-4FA6-BF52-84608461786D}.Release|Any CPU.Build.0 = Release|Any CPU
		{83F914D0-0C7A-47F7-A7D7-F9296AD00A97}.Debug|Any CPU.ActiveCfg = Debug|Any CPU
		{83F914D0-0C7A-47F7-A7D7-F9296AD00A97}.Debug|Any CPU.Build.0 = Debug|Any CPU
		{83F914D0-0C7A-47F7-A7D7-F9296AD00A97}.Release|Any CPU.ActiveCfg = Release|Any CPU
		{83F914D0-0C7A-47F7-A7D7-F9296AD00A97}.Release|Any CPU.Build.0 = Release|Any CPU
	EndGlobalSection
	GlobalSection(NestedProjects) = preSolution
	EndGlobalSection
EndGlobal
