
Microsoft Visual Studio Solution File, Format Version 12.00
Project("{FAE04EC0-301F-11D3-BF4B-00C04F79EFBC}") = "ArtPlatform.Api", "ArtPlatform.Api\ArtPlatform.Api.csproj", "{BC5949C8-6B4E-447E-92AC-8472116FCD9D}"
EndProject
Project("{FAE04EC0-301F-11D3-BF4B-00C04F79EFBC}") = "ArtPlaform.DAL", "ArtPlaform.DAL\ArtPlaform.DAL.csproj", "{9950751C-C51D-4846-AFA4-D516F55620C3}"
EndProject
Project("{FAE04EC0-301F-11D3-BF4B-00C04F79EFBC}") = "ArtPlatform.DatabaseUpdater", "ArtPlatform.DatabaseUpdater\ArtPlatform.DatabaseUpdater.csproj", "{10EE4F10-8980-4C5F-AE6D-AC159EF95024}"
EndProject
Global
	GlobalSection(SolutionConfigurationPlatforms) = preSolution
		Debug|Any CPU = Debug|Any CPU
		Release|Any CPU = Release|Any CPU
	EndGlobalSection
	GlobalSection(ProjectConfigurationPlatforms) = postSolution
		{BC5949C8-6B4E-447E-92AC-8472116FCD9D}.Debug|Any CPU.ActiveCfg = Debug|Any CPU
		{BC5949C8-6B4E-447E-92AC-8472116FCD9D}.Debug|Any CPU.Build.0 = Debug|Any CPU
		{BC5949C8-6B4E-447E-92AC-8472116FCD9D}.Release|Any CPU.ActiveCfg = Release|Any CPU
		{BC5949C8-6B4E-447E-92AC-8472116FCD9D}.Release|Any CPU.Build.0 = Release|Any CPU
		{9950751C-C51D-4846-AFA4-D516F55620C3}.Debug|Any CPU.ActiveCfg = Debug|Any CPU
		{9950751C-C51D-4846-AFA4-D516F55620C3}.Debug|Any CPU.Build.0 = Debug|Any CPU
		{9950751C-C51D-4846-AFA4-D516F55620C3}.Release|Any CPU.ActiveCfg = Release|Any CPU
		{9950751C-C51D-4846-AFA4-D516F55620C3}.Release|Any CPU.Build.0 = Release|Any CPU
		{10EE4F10-8980-4C5F-AE6D-AC159EF95024}.Debug|Any CPU.ActiveCfg = Debug|Any CPU
		{10EE4F10-8980-4C5F-AE6D-AC159EF95024}.Debug|Any CPU.Build.0 = Debug|Any CPU
		{10EE4F10-8980-4C5F-AE6D-AC159EF95024}.Release|Any CPU.ActiveCfg = Release|Any CPU
		{10EE4F10-8980-4C5F-AE6D-AC159EF95024}.Release|Any CPU.Build.0 = Release|Any CPU
	EndGlobalSection
EndGlobal
